{
  "requires": true,
  "lockfileVersion": 1,
  "dependencies": {
    "@types/chart.js": {
      "version": "2.9.22",
      "resolved": "https://registry.npmjs.org/@types/chart.js/-/chart.js-2.9.22.tgz",
      "integrity": "sha512-CneMxwh2T5fyMpXE5fuprTTmFtlLyZUFq1A3laUrCgOblDzupgiohrFg3jjsTIrqRI5K4qLZdrLN4zT9/MY5Dw==",
      "requires": {
        "moment": "^2.10.2"
      }
    },
    "@types/jquery": {
      "version": "3.3.38",
      "resolved": "https://registry.npmjs.org/@types/jquery/-/jquery-3.3.38.tgz",
      "integrity": "sha512-nkDvmx7x/6kDM5guu/YpXkGZ/Xj/IwGiLDdKM99YA5Vag7pjGyTJ8BNUh/6hxEn/sEu5DKtyRgnONJ7EmOoKrA==",
      "requires": {
        "@types/sizzle": "*"
      }
    },
    "@types/randomcolor": {
      "version": "0.5.5",
      "resolved": "https://registry.npmjs.org/@types/randomcolor/-/randomcolor-0.5.5.tgz",
      "integrity": "sha512-PywdYff3F8lGO3BggkCXaPFH0Ue/2Y7xliihoQNkxCGPJ4w7VTMfgcmSMIE6gOVAEu9Wx42JRSuRREVG3AUrtg=="
    },
    "@types/requirejs": {
      "version": "2.1.32",
      "resolved": "https://registry.npmjs.org/@types/requirejs/-/requirejs-2.1.32.tgz",
      "integrity": "sha512-TM8LeNLJkEKDcx2414tsU+aKX+Pcfx8siRgZJWsb16KT77TT2FxINO48dLLkx8a5fEuJYb+rcfgPcvq6vt96NQ=="
    },
    "@types/select2": {
      "version": "4.0.49",
      "resolved": "https://registry.npmjs.org/@types/select2/-/select2-4.0.49.tgz",
      "integrity": "sha512-/DuPf/GwDn7PzvRe7YL/DfuMLfqm4GDOFF6/vrhw9h2874hX+CMLBtxKBDo5D/im+1fQgWEG/yxgoQCo+ApTqw==",
      "requires": {
        "@types/jquery": "*",
        "@types/requirejs": "*"
      }
    },
    "@types/sizzle": {
      "version": "2.3.2",
      "resolved": "https://registry.npmjs.org/@types/sizzle/-/sizzle-2.3.2.tgz",
      "integrity": "sha512-7EJYyKTL7tFR8+gDbB6Wwz/arpGa0Mywk1TJbNzKzHtzbwVmY4HR9WqS5VV7dsBUKQmPNr192jHr/VpBluj/hg=="
    },
    "moment": {
      "version": "2.27.0",
      "resolved": "https://registry.npmjs.org/moment/-/moment-2.27.0.tgz",
      "integrity": "sha512-al0MUK7cpIcglMv3YF13qSgdAIqxHTO7brRtaz3DlSULbqfazqkc5kEjNrLDOM7fsjshoFIihnU8snrP7zUvhQ=="
    }
  }
}
